<?xml version="1.0" encoding="utf-8"?>
<Project ToolsVersion="4.0" xmlns="http://schemas.microsoft.com/developer/msbuild/2003">
  <ItemGroup>
    <Filter Include="Files">
      <UniqueIdentifier>{73fa47bc-9db4-4316-a906-c754334d5faf}</UniqueIdentifier>
    </Filter>
    <Filter Include="Pictures">
      <UniqueIdentifier>{3a0468db-3209-49e3-8e5b-afefc07090b5}</UniqueIdentifier>
    </Filter>
    <Filter Include="Releases">
      <UniqueIdentifier>{bde5123b-f335-458c-97c4-fe4ec171292d}</UniqueIdentifier>
    </Filter>
  </ItemGroup>
  <ItemGroup>
    <None Include="Files\Kronos_Preload_VB.zip">
      <Filter>Files</Filter>
    </None>
    <None Include="Files\MS2000_Empty.zip">
      <Filter>Files</Filter>
    </None>
    <None Include="Releases\Manual.pdf">
      <Filter>Releases</Filter>
    </None>
    <None Include="Releases\PCGTools.2.1.0.exe">
      <Filter>Releases</Filter>
    </None>
    <None Include="Releases\PCGTools.2.2.0.exe">
      <Filter>Releases</Filter>
    </None>
    <None Include="Releases\PCGTools.2.3.0.exe">
      <Filter>Releases</Filter>
    </None>
    <None Include="Releases\PcgTools2.0.1.zip">
      <Filter>Releases</Filter>
    </None>
    <None Include="Releases\PcgTools2.0.1ClickOnce.zip">
      <Filter>Releases</Filter>
    </None>
    <None Include="Releases\PcgTools2.0.2.zip">
      <Filter>Releases</Filter>
    </None>
    <None Include="Releases\PcgTools2.0.2ClickOnce.zip">
      <Filter>Releases</Filter>
    </None>
    <None Include="Releases\PcgTools2.0.3.zip">
      <Filter>Releases</Filter>
    </None>
    <None Include="Releases\PcgTools2.0.3ClickOnce.zip">
      <Filter>Releases</Filter>
    </None>
    <None Include="Releases\PcgTools2.0.4.zip">
      <Filter>Releases</Filter>
    </None>
    <None Include="Releases\PcgTools2.0.4ClickOnce.zip">
      <Filter>Releases</Filter>
    </None>
    <None Include="contact.html" />
    <None Include="download.php" />
    <None Include="faq.html" />
    <None Include="history.html" />
    <None Include="index.html" />
    <None Include="known_issues.html" />
    <None Include="links.html" />
    <None Include="Manual.pdf" />
    <None Include="style.css" />
    <None Include="support.html" />
    <None Include="whoami.html" />
    <None Include="wishlist.html" />
    <None Include="Releases\history.html">
      <Filter>Releases</Filter>
    </None>
    <None Include="Releases\PCGTools.2.4.0.exe">
      <Filter>Releases</Filter>
    </None>
    <None Include="Releases\PcgTools2.5.0.exe">
      <Filter>Releases</Filter>
    </None>
    <None Include="Releases\PcgTools2.5.1.exe">
      <Filter>Releases</Filter>
    </None>
  </ItemGroup>
  <ItemGroup>
    <Image Include="Pictures\pcgtools1.jpg">
      <Filter>Pictures</Filter>
    </Image>
    <Image Include="Pictures\pcgtools2.jpg">
      <Filter>Pictures</Filter>
    </Image>
    <Image Include="Pictures\pcgtools3.jpg">
      <Filter>Pictures</Filter>
    </Image>
    <Image Include="Pictures\pcgtools4.jpg">
      <Filter>Pictures</Filter>
    </Image>
    <Image Include="Pictures\pcgtools5.jpg">
      <Filter>Pictures</Filter>
    </Image>
    <Image Include="Pictures\pcgtoolsnormal.jpg">
      <Filter>Pictures</Filter>
    </Image>
    <Image Include="Pictures\screenshot.png">
      <Filter>Pictures</Filter>
    </Image>
    <Image Include="Pictures\screenshot2.png">
      <Filter>Pictures</Filter>
    </Image>
    <Image Include="favicon.ico" />
    <Image Include="pcgtoolsnormal.jpg" />
    <Image Include="Pictures\NewSetListSlotEdit.png">
      <Filter>Pictures</Filter>
    </Image>
  </ItemGroup>
  <ItemGroup>
    <Text Include="counter_manual.txt" />
    <Text Include="Files\KronosV2V3Rules.txt">
      <Filter>Files</Filter>
    </Text>
  </ItemGroup>
</Project>